
Microsoft Visual Studio Solution File, Format Version 12.00
# Visual Studio Version 16
VisualStudioVersion = 16.0.30523.141
MinimumVisualStudioVersion = 10.0.40219.1
Project("{FAE04EC0-301F-11D3-BF4B-00C04F79EFBC}") = "NumberGuesser", "NumberGuesser.csproj", "{B039C62F-D5DB-43E1-A848-3DE80A28FE1D}"
EndProject
Global
	GlobalSection(SolutionConfigurationPlatforms) = preSolution
		Debug|Any CPU = Debug|Any CPU
		Release|Any CPU = Release|Any CPU
	EndGlobalSection
	GlobalSection(ProjectConfigurationPlatforms) = postSolution
		{B039C62F-D5DB-43E1-A848-3DE80A28FE1D}.Debug|Any CPU.ActiveCfg = Debug|Any CPU
		{B039C62F-D5DB-43E1-A848-3DE80A28FE1D}.Debug|Any CPU.Build.0 = Debug|Any CPU
		{B039C62F-D5DB-43E1-A848-3DE80A28FE1D}.Release|Any CPU.ActiveCfg = Release|Any CPU
		{B039C62F-D5DB-43E1-A848-3DE80A28FE1D}.Release|Any CPU.Build.0 = Release|Any CPU
	EndGlobalSection
	GlobalSection(SolutionProperties) = preSolution
		HideSolutionNode = FALSE
	EndGlobalSection
	GlobalSection(ExtensibilityGlobals) = postSolution
		SolutionGuid = {16F9C669-5A68-4311-8EFB-36E56EF2ADA4}
	EndGlobalSection
EndGlobal
